// !$*UTF8*$!
{
	archiveVersion = 1;
	classes = {
	};
	objectVersion = 46;
	objects = {

/* Begin PBXBuildFile section */
		11CBEA9D1A1660A00071D669 /* AppDelegate.swift in Sources */ = {isa = PBXBuildFile; fileRef = 11CBEA9C1A1660A00071D669 /* AppDelegate.swift */; };
		11CBEA9F1A1660A00071D669 /* ViewController.swift in Sources */ = {isa = PBXBuildFile; fileRef = 11CBEA9E1A1660A00071D669 /* ViewController.swift */; };
		11CBEAA21A1660A00071D669 /* Main.storyboard in Resources */ = {isa = PBXBuildFile; fileRef = 11CBEAA01A1660A00071D669 /* Main.storyboard */; };
		11CBEAA41A1660A00071D669 /* Images.xcassets in Resources */ = {isa = PBXBuildFile; fileRef = 11CBEAA31A1660A00071D669 /* Images.xcassets */; };
		11CBEAA71A1660A00071D669 /* LaunchScreen.xib in Resources */ = {isa = PBXBuildFile; fileRef = 11CBEAA51A1660A00071D669 /* LaunchScreen.xib */; };
		11CBEAB31A1660A00071D669 /* _9RedBalloonsTests.swift in Sources */ = {isa = PBXBuildFile; fileRef = 11CBEAB21A1660A00071D669 /* _9RedBalloonsTests.swift */; };
/* End PBXBuildFile section */

/* Begin PBXContainerItemProxy section */
		11CBEAAD1A1660A00071D669 /* PBXContainerItemProxy */ = {
			isa = PBXContainerItemProxy;
			containerPortal = 11CBEA8F1A1660A00071D669 /* Project object */;
			proxyType = 1;
			remoteGlobalIDString = 11CBEA961A1660A00071D669;
			remoteInfo = 99RedBalloons;
		};
/* End PBXContainerItemProxy section */

/* Begin PBXFileReference section */
		11CBEA971A1660A00071D669 /* 99RedBalloons.app */ = {isa = PBXFileReference; explicitFileType = wrapper.application; includeInIndex = 0; path = 99RedBalloons.app; sourceTree = BUILT_PRODUCTS_DIR; };
		11CBEA9B1A1660A00071D669 /* Info.plist */ = {isa = PBXFileReference; lastKnownFileType = text.plist.xml; path = Info.plist; sourceTree = "<group>"; };
		11CBEA9C1A1660A00071D669 /* AppDelegate.swift */ = {isa = PBXFileReference; lastKnownFileType = sourcecode.swift; path = AppDelegate.swift; sourceTree = "<group>"; };
		11CBEA9E1A1660A00071D669 /* ViewController.swift */ = {isa = PBXFileReference; lastKnownFileType = sourcecode.swift; path = ViewController.swift; sourceTree = "<group>"; };
		11CBEAA11A1660A00071D669 /* Base */ = {isa = PBXFileReference; lastKnownFileType = file.storyboard; name = Base; path = Base.lproj/Main.storyboard; sourceTree = "<group>"; };
		11CBEAA31A1660A00071D669 /* Images.xcassets */ = {isa = PBXFileReference; lastKnownFileType = folder.assetcatalog; path = Images.xcassets; sourceTree = "<group>"; };
		11CBEAA61A1660A00071D669 /* Base */ = {isa = PBXFileReference; lastKnownFileType = file.xib; name = Base; path = Base.lproj/LaunchScreen.xib; sourceTree = "<group>"; };
		11CBEAAC1A1660A00071D669 /* 99RedBalloonsTests.xctest */ = {isa = PBXFileReference; explicitFileType = wrapper.cfbundle; includeInIndex = 0; path = 99RedBalloonsTests.xctest; sourceTree = BUILT_PRODUCTS_DIR; };
		11CBEAB11A1660A00071D669 /* Info.plist */ = {isa = PBXFileReference; lastKnownFileType = text.plist.xml; path = Info.plist; sourceTree = "<group>"; };
		11CBEAB21A1660A00071D669 /* _9RedBalloonsTests.swift */ = {isa = PBXFileReference; lastKnownFileType = sourcecode.swift; path = _9RedBalloonsTests.swift; sourceTree = "<group>"; };
/* End PBXFileReference section */

/* Begin PBXFrameworksBuildPhase section */
		11CBEA941A1660A00071D669 /* Frameworks */ = {
			isa = PBXFrameworksBuildPhase;
			buildActionMask = 2147483647;
			files = (
			);
			runOnlyForDeploymentPostprocessing = 0;
		};
		11CBEAA91A1660A00071D669 /* Frameworks */ = {
			isa = PBXFrameworksBuildPhase;
			buildActionMask = 2147483647;
			files = (
			);
			runOnlyForDeploymentPostprocessing = 0;
		};
/* End PBXFrameworksBuildPhase section */

/* Begin PBXGroup section */
		11CBEA8E1A1660A00071D669 = {
			isa = PBXGroup;
			children = (
				11CBEA991A1660A00071D669 /* 99RedBalloons */,
				11CBEAAF1A1660A00071D669 /* 99RedBalloonsTests */,
				11CBEA981A1660A00071D669 /* Products */,
			);
			sourceTree = "<group>";
		};
		11CBEA981A1660A00071D669 /* Products */ = {
			isa = PBXGroup;
			children = (
				11CBEA971A1660A00071D669 /* 99RedBalloons.app */,
				11CBEAAC1A1660A00071D669 /* 99RedBalloonsTests.xctest */,
			);
			name = Products;
			sourceTree = "<group>";
		};
		11CBEA991A1660A00071D669 /* 99RedBalloons */ = {
			isa = PBXGroup;
			children = (
				11CBEA9C1A1660A00071D669 /* AppDelegate.swift */,
				11CBEA9E1A1660A00071D669 /* ViewController.swift */,
				11CBEAA01A1660A00071D669 /* Main.storyboard */,
				11CBEAA31A1660A00071D669 /* Images.xcassets */,
				11CBEAA51A1660A00071D669 /* LaunchScreen.xib */,
				11CBEA9A1A1660A00071D669 /* Supporting Files */,
			);
			path = 99RedBalloons;
			sourceTree = "<group>";
		};
		11CBEA9A1A1660A00071D669 /* Supporting Files */ = {
			isa = PBXGroup;
			children = (
				11CBEA9B1A1660A00071D669 /* Info.plist */,
			);
			name = "Supporting Files";
			sourceTree = "<group>";
		};
		11CBEAAF1A1660A00071D669 /* 99RedBalloonsTests */ = {
			isa = PBXGroup;
			children = (
				11CBEAB21A1660A00071D669 /* _9RedBalloonsTests.swift */,
				11CBEAB01A1660A00071D669 /* Supporting Files */,
			);
			path = 99RedBalloonsTests;
			sourceTree = "<group>";
		};
		11CBEAB01A1660A00071D669 /* Supporting Files */ = {
			isa = PBXGroup;
			children = (
				11CBEAB11A1660A00071D669 /* Info.plist */,
			);
			name = "Supporting Files";
			sourceTree = "<group>";
		};
/* End PBXGroup section */

/* Begin PBXNativeTarget section */
		11CBEA961A1660A00071D669 /* 99RedBalloons */ = {
			isa = PBXNativeTarget;
			buildConfigurationList = 11CBEAB61A1660A00071D669 /* Build configuration list for PBXNativeTarget "99RedBalloons" */;
			buildPhases = (
				11CBEA931A1660A00071D669 /* Sources */,
				11CBEA941A1660A00071D669 /* Frameworks */,
				11CBEA951A1660A00071D669 /* Resources */,
			);
			buildRules = (
			);
			dependencies = (
			);
			name = 99RedBalloons;
			productName = 99RedBalloons;
			productReference = 11CBEA971A1660A00071D669 /* 99RedBalloons.app */;
			productType = "com.apple.product-type.application";
		};
		11CBEAAB1A1660A00071D669 /* 99RedBalloonsTests */ = {
			isa = PBXNativeTarget;
			buildConfigurationList = 11CBEAB91A1660A00071D669 /* Build configuration list for PBXNativeTarget "99RedBalloonsTests" */;
			buildPhases = (
				11CBEAA81A1660A00071D669 /* Sources */,
				11CBEAA91A1660A00071D669 /* Frameworks */,
				11CBEAAA1A1660A00071D669 /* Resources */,
			);
			buildRules = (
			);
			dependencies = (
				11CBEAAE1A1660A00071D669 /* PBXTargetDependency */,
			);
			name = 99RedBalloonsTests;
			productName = 99RedBalloonsTests;
			productReference = 11CBEAAC1A1660A00071D669 /* 99RedBalloonsTests.xctest */;
			productType = "com.apple.product-type.bundle.unit-test";
		};
/* End PBXNativeTarget section */

/* Begin PBXProject section */
		11CBEA8F1A1660A00071D669 /* Project object */ = {
			isa = PBXProject;
			attributes = {
				LastUpgradeCheck = 0610;
				ORGANIZATIONNAME = "Ash Minhas";
				TargetAttributes = {
					11CBEA961A1660A00071D669 = {
						CreatedOnToolsVersion = 6.1;
					};
					11CBEAAB1A1660A00071D669 = {
						CreatedOnToolsVersion = 6.1;
						TestTargetID = 11CBEA961A1660A00071D669;
					};
				};
			};
			buildConfigurationList = 11CBEA921A1660A00071D669 /* Build configuration list for PBXProject "99RedBalloons" */;
			compatibilityVersion = "Xcode 3.2";
			developmentRegion = English;
			hasScannedForEncodings = 0;
			knownRegions = (
				en,
				Base,
			);
			mainGroup = 11CBEA8E1A1660A00071D669;
			productRefGroup = 11CBEA981A1660A00071D669 /* Products */;
			projectDirPath = "";
			projectRoot = "";
			targets = (
				11CBEA961A1660A00071D669 /* 99RedBalloons */,
				11CBEAAB1A1660A00071D669 /* 99RedBalloonsTests */,
			);
		};
/* End PBXProject section */

/* Begin PBXResourcesBuildPhase section */
		11CBEA951A1660A00071D669 /* Resources */ = {
			isa = PBXResourcesBuildPhase;
			buildActionMask = 2147483647;
			files = (
				11CBEAA21A1660A00071D669 /* Main.storyboard in Resources */,
				11CBEAA71A1660A00071D669 /* LaunchScreen.xib in Resources */,
				11CBEAA41A1660A00071D669 /* Images.xcassets in Resources */,
			);
			runOnlyForDeploymentPostprocessing = 0;
		};
		11CBEAAA1A1660A00071D669 /* Resources */ = {
			isa = PBXResourcesBuildPhase;
			buildActionMask = 2147483647;
			files = (
			);
			runOnlyForDeploymentPostprocessing = 0;
		};
/* End PBXResourcesBuildPhase section */

/* Begin PBXSourcesBuildPhase section */
		11CBEA931A1660A00071D669 /* Sources */ = {
			isa = PBXSourcesBuildPhase;
			buildActionMask = 2147483647;
			files = (
				11CBEA9F1A1660A00071D669 /* ViewController.swift in Sources */,
				11CBEA9D1A1660A00071D669 /* AppDelegate.swift in Sources */,
			);
			runOnlyForDeploymentPostprocessing = 0;
		};
		11CBEAA81A1660A00071D669 /* Sources */ = {
			isa = PBXSourcesBuildPhase;
			buildActionMask = 2147483647;
			files = (
				11CBEAB31A1660A00071D669 /* _9RedBalloonsTests.swift in Sources */,
			);
			runOnlyForDeploymentPostprocessing = 0;
		};
/* End PBXSourcesBuildPhase section */

/* Begin PBXTargetDependency section */
		11CBEAAE1A1660A00071D669 /* PBXTargetDependency */ = {
			isa = PBXTargetDependency;
			target = 11CBEA961A1660A00071D669 /* 99RedBalloons */;
			targetProxy = 11CBEAAD1A1660A00071D669 /* PBXContainerItemProxy */;
		};
/* End PBXTargetDependency section */

/* Begin PBXVariantGroup section */
		11CBEAA01A1660A00071D669 /* Main.storyboard */ = {
			isa = PBXVariantGroup;
			children = (
				11CBEAA11A1660A00071D669 /* Base */,
			);
			name = Main.storyboard;
			sourceTree = "<group>";
		};
		11CBEAA51A1660A00071D669 /* LaunchScreen.xib */ = {
			isa = PBXVariantGroup;
			children = (
				11CBEAA61A1660A00071D669 /* Base */,
			);
			name = LaunchScreen.xib;
			sourceTree = "<group>";
		};
/* End PBXVariantGroup section */

/* Begin XCBuildConfiguration section */
		11CBEAB41A1660A00071D669 /* Debug */ = {
			isa = XCBuildConfiguration;
			buildSettings = {
				ALWAYS_SEARCH_USER_PATHS = NO;
				CLANG_CXX_LANGUAGE_STANDARD = "gnu++0x";
				CLANG_CXX_LIBRARY = "libc++";
				CLANG_ENABLE_MODULES = YES;
				CLANG_ENABLE_OBJC_ARC = YES;
				CLANG_WARN_BOOL_CONVERSION = YES;
				CLANG_WARN_CONSTANT_CONVERSION = YES;
				CLANG_WARN_DIRECT_OBJC_ISA_USAGE = YES_ERROR;
				CLANG_WARN_EMPTY_BODY = YES;
				CLANG_WARN_ENUM_CONVERSION = YES;
				CLANG_WARN_INT_CONVERSION = YES;
				CLANG_WARN_OBJC_ROOT_CLASS = YES_ERROR;
				CLANG_WARN_UNREACHABLE_CODE = YES;
				CLANG_WARN__DUPLICATE_METHOD_MATCH = YES;
				"CODE_SIGN_IDENTITY[sdk=iphoneos*]" = "iPhone Developer";
				COPY_PHASE_STRIP = NO;
				ENABLE_STRICT_OBJC_MSGSEND = YES;
				GCC_C_LANGUAGE_STANDARD = gnu99;
				GCC_DYNAMIC_NO_PIC = NO;
				GCC_OPTIMIZATION_LEVEL = 0;
				GCC_PREPROCESSOR_DEFINITIONS = (
					"DEBUG=1",
					"$(inherited)",
				);
				GCC_SYMBOLS_PRIVATE_EXTERN = NO;
				GCC_WARN_64_TO_32_BIT_CONVERSION = YES;
				GCC_WARN_ABOUT_RETURN_TYPE = YES_ERROR;
				GCC_WARN_UNDECLARED_SELECTOR = YES;
				GCC_WARN_UNINITIALIZED_AUTOS = YES_AGGRESSIVE;
				GCC_WARN_UNUSED_FUNCTION = YES;
				GCC_WARN_UNUSED_VARIABLE = YES;
				IPHONEOS_DEPLOYMENT_TARGET = 8.1;
				MTL_ENABLE_DEBUG_INFO = YES;
				ONLY_ACTIVE_ARCH = YES;
				SDKROOT = iphoneos;
				SWIFT_OPTIMIZATION_LEVEL = "-Onone";
				TARGETED_DEVICE_FAMILY = "1,2";
			};
			name = Debug;
		};
		11CBEAB51A1660A00071D669 /* Release */ = {
			isa = XCBuildConfiguration;
			buildSettings = {
				ALWAYS_SEARCH_USER_PATHS = NO;
				CLANG_CXX_LANGUAGE_STANDARD = "gnu++0x";
				CLANG_CXX_LIBRARY = "libc++";
				CLANG_ENABLE_MODULES = YES;
				CLANG_ENABLE_OBJC_ARC = YES;
				CLANG_WARN_BOOL_CONVERSION = YES;
				CLANG_WARN_CONSTANT_CONVERSION = YES;
				CLANG_WARN_DIRECT_OBJC_ISA_USAGE = YES_ERROR;
				CLANG_WARN_EMPTY_BODY = YES;
				CLANG_WARN_ENUM_CONVERSION = YES;
				CLANG_WARN_INT_CONVERSION = YES;
				CLANG_WARN_OBJC_ROOT_CLASS = YES_ERROR;
				CLANG_WARN_UNREACHABLE_CODE = YES;
				CLANG_WARN__DUPLICATE_METHOD_MATCH = YES;
				"CODE_SIGN_IDENTITY[sdk=iphoneos*]" = "iPhone Developer";
				COPY_PHASE_STRIP = YES;
				ENABLE_NS_ASSERTIONS = NO;
				ENABLE_STRICT_OBJC_MSGSEND = YES;
				GCC_C_LANGUAGE_STANDARD = gnu99;
				GCC_WARN_64_TO_32_BIT_CONVERSION = YES;
				GCC_WARN_ABOUT_RETURN_TYPE = YES_ERROR;
				GCC_WARN_UNDECLARED_SELECTOR = YES;
				GCC_WARN_UNINITIALIZED_AUTOS = YES_AGGRESSIVE;
				GCC_WARN_UNUSED_FUNCTION = YES;
				GCC_WARN_UNUSED_VARIABLE = YES;
				IPHONEOS_DEPLOYMENT_TARGET = 8.1;
				MTL_ENABLE_DEBUG_INFO = NO;
				SDKROOT = iphoneos;
				TARGETED_DEVICE_FAMILY = "1,2";
				VALIDATE_PRODUCT = YES;
			};
			name = Release;
		};
		11CBEAB71A1660A00071D669 /* Debug */ = {
			isa = XCBuildConfiguration;
			buildSettings = {
				ASSETCATALOG_COMPILER_APPICON_NAME = AppIcon;
				INFOPLIST_FILE = 99RedBalloons/Info.plist;
				LD_RUNPATH_SEARCH_PATHS = "$(inherited) @executable_path/Frameworks";
				PRODUCT_NAME = "$(TARGET_NAME)";
			};
			name = Debug;
		};
		11CBEAB81A1660A00071D669 /* Release */ = {
			isa = XCBuildConfiguration;
			buildSettings = {
				ASSETCATALOG_COMPILER_APPICON_NAME = AppIcon;
				INFOPLIST_FILE = 99RedBalloons/Info.plist;
				LD_RUNPATH_SEARCH_PATHS = "$(inherited) @executable_path/Frameworks";
				PRODUCT_NAME = "$(TARGET_NAME)";
			};
			name = Release;
		};
		11CBEABA1A1660A00071D669 /* Debug */ = {
			isa = XCBuildConfiguration;
			buildSettings = {
				BUNDLE_LOADER = "$(TEST_HOST)";
				FRAMEWORK_SEARCH_PATHS = (
					"$(SDKROOT)/Developer/Library/Frameworks",
					"$(inherited)",
				);
				GCC_PREPROCESSOR_DEFINITIONS = (
					"DEBUG=1",
					"$(inherited)",
				);
				INFOPLIST_FILE = 99RedBalloonsTests/Info.plist;
				LD_RUNPATH_SEARCH_PATHS = "$(inherited) @executable_path/Frameworks @loader_path/Frameworks";
				PRODUCT_NAME = "$(TARGET_NAME)";
				TEST_HOST = "$(BUILT_PRODUCTS_DIR)/99RedBalloons.app/99RedBalloons";
			};
			name = Debug;
		};
		11CBEABB1A1660A00071D669 /* Release */ = {
			isa = XCBuildConfiguration;
			buildSettings = {
				BUNDLE_LOADER = "$(TEST_HOST)";
				FRAMEWORK_SEARCH_PATHS = (
					"$(SDKROOT)/Developer/Library/Frameworks",
					"$(inherited)",
				);
				INFOPLIST_FILE = 99RedBalloonsTests/Info.plist;
				LD_RUNPATH_SEARCH_PATHS = "$(inherited) @executable_path/Frameworks @loader_path/Frameworks";
				PRODUCT_NAME = "$(TARGET_NAME)";
				TEST_HOST = "$(BUILT_PRODUCTS_DIR)/99RedBalloons.app/99RedBalloons";
			};
			name = Release;
		};
/* End XCBuildConfiguration section */

/* Begin XCConfigurationList section */
		11CBEA921A1660A00071D669 /* Build configuration list for PBXProject "99RedBalloons" */ = {
			isa = XCConfigurationList;
			buildConfigurations = (
				11CBEAB41A1660A00071D669 /* Debug */,
				11CBEAB51A1660A00071D669 /* Release */,
			);
			defaultConfigurationIsVisible = 0;
			defaultConfigurationName = Release;
		};
		11CBEAB61A1660A00071D669 /* Build configuration list for PBXNativeTarget "99RedBalloons" */ = {
			isa = XCConfigurationList;
			buildConfigurations = (
				11CBEAB71A1660A00071D669 /* Debug */,
				11CBEAB81A1660A00071D669 /* Release */,
			);
			defaultConfigurationIsVisible = 0;
		};
		11CBEAB91A1660A00071D669 /* Build configuration list for PBXNativeTarget "99RedBalloonsTests" */ = {
			isa = XCConfigurationList;
			buildConfigurations = (
				11CBEABA1A1660A00071D669 /* Debug */,
				11CBEABB1A1660A00071D669 /* Release */,
			);
			defaultConfigurationIsVisible = 0;
		};
/* End XCConfigurationList section */
	};
	rootObject = 11CBEA8F1A1660A00071D669 /* Project object */;
}
